
Microsoft Visual Studio Solution File, Format Version 12.00
# Visual Studio Version 17
VisualStudioVersion = 17.8.34322.80
MinimumVisualStudioVersion = 10.0.40219.1
Project("{FAE04EC0-301F-11D3-BF4B-00C04F79EFBC}") = "BeerProject", "BeerProject\BeerProject.csproj", "{2C22642A-CE30-42D8-A6CC-DD492E3C0309}"
EndProject
Global
	GlobalSection(SolutionConfigurationPlatforms) = preSolution
		Debug|Any CPU = Debug|Any CPU
		Release|Any CPU = Release|Any CPU
	EndGlobalSection
	GlobalSection(ProjectConfigurationPlatforms) = postSolution
		{2C22642A-CE30-42D8-A6CC-DD492E3C0309}.Debug|Any CPU.ActiveCfg = Debug|Any CPU
		{2C22642A-CE30-42D8-A6CC-DD492E3C0309}.Debug|Any CPU.Build.0 = Debug|Any CPU
		{2C22642A-CE30-42D8-A6CC-DD492E3C0309}.Release|Any CPU.ActiveCfg = Release|Any CPU
		{2C22642A-CE30-42D8-A6CC-DD492E3C0309}.Release|Any CPU.Build.0 = Release|Any CPU
	EndGlobalSection
	GlobalSection(SolutionProperties) = preSolution
		HideSolutionNode = FALSE
	EndGlobalSection
	GlobalSection(ExtensibilityGlobals) = postSolution
		SolutionGuid = {099C3780-56AC-465B-90F3-B75DD3D56D8D}
	EndGlobalSection
EndGlobal
